
Microsoft Visual Studio Solution File, Format Version 12.00
# Visual Studio 14
VisualStudioVersion = 14.0.25420.1
MinimumVisualStudioVersion = 10.0.40219.1
Project("{FAE04EC0-301F-11D3-BF4B-00C04F79EFBC}") = "BeautifulPlaces.Api", "BeautifulPlaces.Api\BeautifulPlaces.Api.csproj", "{C4E88A8E-6F3D-4CDE-963B-08847F3C0CD7}"
EndProject
Project("{FAE04EC0-301F-11D3-BF4B-00C04F79EFBC}") = "BeautifulPlaces.Data", "BeautifulPlaces.Data\BeautifulPlaces.Data.csproj", "{E006590E-8EBD-4C6C-A612-486BD17C933F}"
EndProject
Global
	GlobalSection(SolutionConfigurationPlatforms) = preSolution
		Debug|Any CPU = Debug|Any CPU
		Release|Any CPU = Release|Any CPU
	EndGlobalSection
	GlobalSection(ProjectConfigurationPlatforms) = postSolution
		{C4E88A8E-6F3D-4CDE-963B-08847F3C0CD7}.Debug|Any CPU.ActiveCfg = Debug|Any CPU
		{C4E88A8E-6F3D-4CDE-963B-08847F3C0CD7}.Debug|Any CPU.Build.0 = Debug|Any CPU
		{C4E88A8E-6F3D-4CDE-963B-08847F3C0CD7}.Release|Any CPU.ActiveCfg = Release|Any CPU
		{C4E88A8E-6F3D-4CDE-963B-08847F3C0CD7}.Release|Any CPU.Build.0 = Release|Any CPU
		{E006590E-8EBD-4C6C-A612-486BD17C933F}.Debug|Any CPU.ActiveCfg = Debug|Any CPU
		{E006590E-8EBD-4C6C-A612-486BD17C933F}.Debug|Any CPU.Build.0 = Debug|Any CPU
		{E006590E-8EBD-4C6C-A612-486BD17C933F}.Release|Any CPU.ActiveCfg = Release|Any CPU
		{E006590E-8EBD-4C6C-A612-486BD17C933F}.Release|Any CPU.Build.0 = Release|Any CPU
	EndGlobalSection
	GlobalSection(SolutionProperties) = preSolution
		HideSolutionNode = FALSE
	EndGlobalSection
EndGlobal
